// !$*UTF8*$!
{
	archiveVersion = 1;
	classes = {
	};
	objectVersion = 48;
	objects = {

/* Begin PBXBuildFile section */
		9A9061E277A6B0DD5ACD4B77 /* libPods-AliyunDemo.a in Frameworks */ = {isa = PBXBuildFile; fileRef = 350542DF6EA9CCC08CD06980 /* libPods-AliyunDemo.a */; };
		CE0723D01F984C38005D833D /* AppDelegate.m in Sources */ = {isa = PBXBuildFile; fileRef = CE0723CF1F984C38005D833D /* AppDelegate.m */; };
		CE0723D31F984C38005D833D /* ViewController.m in Sources */ = {isa = PBXBuildFile; fileRef = CE0723D21F984C38005D833D /* ViewController.m */; };
		CE0723D61F984C38005D833D /* Main.storyboard in Resources */ = {isa = PBXBuildFile; fileRef = CE0723D41F984C38005D833D /* Main.storyboard */; };
		CE0723D81F984C38005D833D /* Assets.xcassets in Resources */ = {isa = PBXBuildFile; fileRef = CE0723D71F984C38005D833D /* Assets.xcassets */; };
		CE0723DB1F984C38005D833D /* LaunchScreen.storyboard in Resources */ = {isa = PBXBuildFile; fileRef = CE0723D91F984C38005D833D /* LaunchScreen.storyboard */; };
		CE0723DE1F984C38005D833D /* main.m in Sources */ = {isa = PBXBuildFile; fileRef = CE0723DD1F984C38005D833D /* main.m */; };
/* End PBXBuildFile section */

/* Begin PBXFileReference section */
		350542DF6EA9CCC08CD06980 /* libPods-AliyunDemo.a */ = {isa = PBXFileReference; explicitFileType = archive.ar; includeInIndex = 0; path = "libPods-AliyunDemo.a"; sourceTree = BUILT_PRODUCTS_DIR; };
		7A9A2674B214E1D413A107DC /* Pods-AliyunDemo.debug.xcconfig */ = {isa = PBXFileReference; includeInIndex = 1; lastKnownFileType = text.xcconfig; name = "Pods-AliyunDemo.debug.xcconfig"; path = "Pods/Target Support Files/Pods-AliyunDemo/Pods-AliyunDemo.debug.xcconfig"; sourceTree = "<group>"; };
		C7EBBAE9481BE134E6804892 /* Pods-AliyunDemo.release.xcconfig */ = {isa = PBXFileReference; includeInIndex = 1; lastKnownFileType = text.xcconfig; name = "Pods-AliyunDemo.release.xcconfig"; path = "Pods/Target Support Files/Pods-AliyunDemo/Pods-AliyunDemo.release.xcconfig"; sourceTree = "<group>"; };
		CE0723CB1F984C38005D833D /* AliyunDemo.app */ = {isa = PBXFileReference; explicitFileType = wrapper.application; includeInIndex = 0; path = AliyunDemo.app; sourceTree = BUILT_PRODUCTS_DIR; };
		CE0723CE1F984C38005D833D /* AppDelegate.h */ = {isa = PBXFileReference; lastKnownFileType = sourcecode.c.h; path = AppDelegate.h; sourceTree = "<group>"; };
		CE0723CF1F984C38005D833D /* AppDelegate.m */ = {isa = PBXFileReference; lastKnownFileType = sourcecode.c.objc; path = AppDelegate.m; sourceTree = "<group>"; };
		CE0723D11F984C38005D833D /* ViewController.h */ = {isa = PBXFileReference; lastKnownFileType = sourcecode.c.h; path = ViewController.h; sourceTree = "<group>"; };
		CE0723D21F984C38005D833D /* ViewController.m */ = {isa = PBXFileReference; lastKnownFileType = sourcecode.c.objc; path = ViewController.m; sourceTree = "<group>"; };
		CE0723D51F984C38005D833D /* Base */ = {isa = PBXFileReference; lastKnownFileType = file.storyboard; name = Base; path = Base.lproj/Main.storyboard; sourceTree = "<group>"; };
		CE0723D71F984C38005D833D /* Assets.xcassets */ = {isa = PBXFileReference; lastKnownFileType = folder.assetcatalog; path = Assets.xcassets; sourceTree = "<group>"; };
		CE0723DA1F984C38005D833D /* Base */ = {isa = PBXFileReference; lastKnownFileType = file.storyboard; name = Base; path = Base.lproj/LaunchScreen.storyboard; sourceTree = "<group>"; };
		CE0723DC1F984C38005D833D /* Info.plist */ = {isa = PBXFileReference; lastKnownFileType = text.plist.xml; path = Info.plist; sourceTree = "<group>"; };
		CE0723DD1F984C38005D833D /* main.m */ = {isa = PBXFileReference; lastKnownFileType = sourcecode.c.objc; path = main.m; sourceTree = "<group>"; };
/* End PBXFileReference section */

/* Begin PBXFrameworksBuildPhase section */
		CE0723C81F984C38005D833D /* Frameworks */ = {
			isa = PBXFrameworksBuildPhase;
			buildActionMask = 2147483647;
			files = (
				9A9061E277A6B0DD5ACD4B77 /* libPods-AliyunDemo.a in Frameworks */,
			);
			runOnlyForDeploymentPostprocessing = 0;
		};
/* End PBXFrameworksBuildPhase section */

/* Begin PBXGroup section */
		54B7C66217AC076D0F1BB7D0 /* Pods */ = {
			isa = PBXGroup;
			children = (
				7A9A2674B214E1D413A107DC /* Pods-AliyunDemo.debug.xcconfig */,
				C7EBBAE9481BE134E6804892 /* Pods-AliyunDemo.release.xcconfig */,
			);
			name = Pods;
			sourceTree = "<group>";
		};
		CE0723C21F984C38005D833D = {
			isa = PBXGroup;
			children = (
				CE0723CD1F984C38005D833D /* AliyunDemo */,
				CE0723CC1F984C38005D833D /* Products */,
				54B7C66217AC076D0F1BB7D0 /* Pods */,
				E58FBE9E13126AE2BA4202E6 /* Frameworks */,
			);
			sourceTree = "<group>";
		};
		CE0723CC1F984C38005D833D /* Products */ = {
			isa = PBXGroup;
			children = (
				CE0723CB1F984C38005D833D /* AliyunDemo.app */,
			);
			name = Products;
			sourceTree = "<group>";
		};
		CE0723CD1F984C38005D833D /* AliyunDemo */ = {
			isa = PBXGroup;
			children = (
				CE0723CE1F984C38005D833D /* AppDelegate.h */,
				CE0723CF1F984C38005D833D /* AppDelegate.m */,
				CE0723D11F984C38005D833D /* ViewController.h */,
				CE0723D21F984C38005D833D /* ViewController.m */,
				CE0723D41F984C38005D833D /* Main.storyboard */,
				CE0723D71F984C38005D833D /* Assets.xcassets */,
				CE0723D91F984C38005D833D /* LaunchScreen.storyboard */,
				CE0723DC1F984C38005D833D /* Info.plist */,
				CE0723DD1F984C38005D833D /* main.m */,
			);
			path = AliyunDemo;
			sourceTree = "<group>";
		};
		E58FBE9E13126AE2BA4202E6 /* Frameworks */ = {
			isa = PBXGroup;
			children = (
				350542DF6EA9CCC08CD06980 /* libPods-AliyunDemo.a */,
			);
			name = Frameworks;
			sourceTree = "<group>";
		};
/* End PBXGroup section */

/* Begin PBXNativeTarget section */
		CE0723CA1F984C38005D833D /* AliyunDemo */ = {
			isa = PBXNativeTarget;
			buildConfigurationList = CE0723F71F984C38005D833D /* Build configuration list for PBXNativeTarget "AliyunDemo" */;
			buildPhases = (
				348071B2AE1F16CB0948F8CE /* [CP] Check Pods Manifest.lock */,
				CE0723C71F984C38005D833D /* Sources */,
				CE0723C81F984C38005D833D /* Frameworks */,
				CE0723C91F984C38005D833D /* Resources */,
				50CECDCDD2ECAE2EB01C432B /* [CP] Embed Pods Frameworks */,
				28AB24FF20236EBF0F82B151 /* [CP] Copy Pods Resources */,
			);
			buildRules = (
			);
			dependencies = (
			);
			name = AliyunDemo;
			productName = AliyunDemo;
			productReference = CE0723CB1F984C38005D833D /* AliyunDemo.app */;
			productType = "com.apple.product-type.application";
		};
/* End PBXNativeTarget section */

/* Begin PBXProject section */
		CE0723C31F984C38005D833D /* Project object */ = {
			isa = PBXProject;
			attributes = {
				LastUpgradeCheck = 0900;
				ORGANIZATIONNAME = "黄建华";
				TargetAttributes = {
					CE0723CA1F984C38005D833D = {
						CreatedOnToolsVersion = 9.0;
						ProvisioningStyle = Automatic;
					};
				};
			};
			buildConfigurationList = CE0723C61F984C38005D833D /* Build configuration list for PBXProject "AliyunDemo" */;
			compatibilityVersion = "Xcode 8.0";
			developmentRegion = en;
			hasScannedForEncodings = 0;
			knownRegions = (
				en,
				Base,
			);
			mainGroup = CE0723C21F984C38005D833D;
			productRefGroup = CE0723CC1F984C38005D833D /* Products */;
			projectDirPath = "";
			projectRoot = "";
			targets = (
				CE0723CA1F984C38005D833D /* AliyunDemo */,
			);
		};
/* End PBXProject section */

/* Begin PBXResourcesBuildPhase section */
		CE0723C91F984C38005D833D /* Resources */ = {
			isa = PBXResourcesBuildPhase;
			buildActionMask = 2147483647;
			files = (
				CE0723DB1F984C38005D833D /* LaunchScreen.storyboard in Resources */,
				CE0723D81F984C38005D833D /* Assets.xcassets in Resources */,
				CE0723D61F984C38005D833D /* Main.storyboard in Resources */,
			);
			runOnlyForDeploymentPostprocessing = 0;
		};
/* End PBXResourcesBuildPhase section */

/* Begin PBXShellScriptBuildPhase section */
		28AB24FF20236EBF0F82B151 /* [CP] Copy Pods Resources */ = {
			isa = PBXShellScriptBuildPhase;
			buildActionMask = 2147483647;
			files = (
			);
			inputPaths = (
				"${SRCROOT}/Pods/Target Support Files/Pods-AliyunDemo/Pods-AliyunDemo-resources.sh",
				"${PODS_ROOT}/AKDebugDashboard/iot-debug/AKDebugDashboard.framework/AKDebugDashboard.bundle",
				"${PODS_ROOT}/ALBBOpenAccountSDK/ALBBOpenAccountUI.framework/ALBBOpenAccount.bundle",
				"${PODS_ROOT}/BoneKit/iot-bonekit/BoneKit.framework/ALBBOpenAccount.bundle/ALBBOpenAccountUIFont.ttf",
				"${PODS_ROOT}/BoneKit/iot-bonekit/BoneKit.framework/alink_iconfont.ttf",
				"${PODS_ROOT}/BoneKit/iot-bonekit/BoneKit.framework/BoneErrorView.nib",
				"${PODS_ROOT}/BoneKit/iot-bonekit/BoneKit.framework/AKRNLib.bundle/slider_circle@2x.png",
				"${PODS_ROOT}/BoneKit/iot-bonekit/BoneKit.framework/AKRNLib.bundle/slider_max@2x.png",
				"${PODS_ROOT}/BoneKit/iot-bonekit/BoneKit.framework/AKRNLib.bundle/slider_min@2x.png",
				"${PODS_ROOT}/BoneKit/iot-bonekit/BoneKit.framework/ALBBOpenAccount.bundle/back.png",
				"${PODS_ROOT}/BoneKit/iot-bonekit/BoneKit.framework/ALBBOpenAccount.bundle/back@2x.png",
				"${PODS_ROOT}/BoneKit/iot-bonekit/BoneKit.framework/ALBBOpenAccount.bundle/back@3x.png",
				"${PODS_ROOT}/BoneKit/iot-bonekit/BoneKit.framework/ALBBOpenAccount.bundle/button_click@2x.png",
				"${PODS_ROOT}/BoneKit/iot-bonekit/BoneKit.framework/ALBBOpenAccount.bundle/button_disable@2x.png",
				"${PODS_ROOT}/BoneKit/iot-bonekit/BoneKit.framework/ALBBOpenAccount.bundle/button_normal@2x.png",
				"${PODS_ROOT}/BoneKit/iot-bonekit/BoneKit.framework/ALBBOpenAccount.bundle/qq@2x.png",
				"${PODS_ROOT}/BoneKit/iot-bonekit/BoneKit.framework/ALBBOpenAccount.bundle/taobao@2x.png",
				"${PODS_ROOT}/BoneKit/iot-bonekit/BoneKit.framework/ALBBOpenAccount.bundle/weibo@2x.png",
				"${PODS_ROOT}/BoneKit/iot-bonekit/BoneKit.framework/ALBBOpenAccount.bundle/weixin@2x.png",
				"${PODS_ROOT}/BoneKit/iot-bonekit/BoneKit.framework/bone_loading@2x.png",
				"${PODS_ROOT}/BoneKit/iot-bonekit/BoneKit.framework/bone_loading@3x.png",
				"${PODS_ROOT}/BoneKit/iot-bonekit/BoneKit.framework/MJRefresh.bundle/arrow@2x.png",
				"${PODS_ROOT}/BoneKit/iot-bonekit/BoneKit.framework/AKRNLib.bundle",
				"${PODS_ROOT}/BoneKit/iot-bonekit/BoneKit.framework/ALBBOpenAccount.bundle",
				"${PODS_ROOT}/BoneKit/iot-bonekit/BoneKit.framework/MJRefresh.bundle",
				"${PODS_ROOT}/LBXScan/LBXScan/UI/CodeScan.bundle",
				"${PODS_ROOT}/MJRefresh/MJRefresh/MJRefresh.bundle",
			);
			name = "[CP] Copy Pods Resources";
			outputPaths = (
				"${TARGET_BUILD_DIR}/${UNLOCALIZED_RESOURCES_FOLDER_PATH}",
			);
			runOnlyForDeploymentPostprocessing = 0;
			shellPath = /bin/sh;
			shellScript = "\"${SRCROOT}/Pods/Target Support Files/Pods-AliyunDemo/Pods-AliyunDemo-resources.sh\"\n";
			showEnvVarsInLog = 0;
		};
		348071B2AE1F16CB0948F8CE /* [CP] Check Pods Manifest.lock */ = {
			isa = PBXShellScriptBuildPhase;
			buildActionMask = 2147483647;
			files = (
			);
			inputPaths = (
				"${PODS_PODFILE_DIR_PATH}/Podfile.lock",
				"${PODS_ROOT}/Manifest.lock",
			);
			name = "[CP] Check Pods Manifest.lock";
			outputPaths = (
				"$(DERIVED_FILE_DIR)/Pods-AliyunDemo-checkManifestLockResult.txt",
			);
			runOnlyForDeploymentPostprocessing = 0;
			shellPath = /bin/sh;
			shellScript = "diff \"${PODS_PODFILE_DIR_PATH}/Podfile.lock\" \"${PODS_ROOT}/Manifest.lock\" > /dev/null\nif [ $? != 0 ] ; then\n    # print error to STDERR\n    echo \"error: The sandbox is not in sync with the Podfile.lock. Run 'pod install' or update your CocoaPods installation.\" >&2\n    exit 1\nfi\n# This output is used by Xcode 'outputs' to avoid re-running this script phase.\necho \"SUCCESS\" > \"${SCRIPT_OUTPUT_FILE_0}\"\n";
			showEnvVarsInLog = 0;
		};
		50CECDCDD2ECAE2EB01C432B /* [CP] Embed Pods Frameworks */ = {
			isa = PBXShellScriptBuildPhase;
			buildActionMask = 2147483647;
			files = (
			);
			inputPaths = (
				"${SRCROOT}/Pods/Target Support Files/Pods-AliyunDemo/Pods-AliyunDemo-frameworks.sh",
				"${PODS_ROOT}/SmurfsSDK/iot-ble/SmurfsSDK.framework",
			);
			name = "[CP] Embed Pods Frameworks";
			outputPaths = (
				"${TARGET_BUILD_DIR}/${FRAMEWORKS_FOLDER_PATH}/SmurfsSDK.framework",
			);
			runOnlyForDeploymentPostprocessing = 0;
			shellPath = /bin/sh;
			shellScript = "\"${SRCROOT}/Pods/Target Support Files/Pods-AliyunDemo/Pods-AliyunDemo-frameworks.sh\"\n";
			showEnvVarsInLog = 0;
		};
/* End PBXShellScriptBuildPhase section */

/* Begin PBXSourcesBuildPhase section */
		CE0723C71F984C38005D833D /* Sources */ = {
			isa = PBXSourcesBuildPhase;
			buildActionMask = 2147483647;
			files = (
				CE0723D31F984C38005D833D /* ViewController.m in Sources */,
				CE0723DE1F984C38005D833D /* main.m in Sources */,
				CE0723D01F984C38005D833D /* AppDelegate.m in Sources */,
			);
			runOnlyForDeploymentPostprocessing = 0;
		};
/* End PBXSourcesBuildPhase section */

/* Begin PBXVariantGroup section */
		CE0723D41F984C38005D833D /* Main.storyboard */ = {
			isa = PBXVariantGroup;
			children = (
				CE0723D51F984C38005D833D /* Base */,
			);
			name = Main.storyboard;
			sourceTree = "<group>";
		};
		CE0723D91F984C38005D833D /* LaunchScreen.storyboard */ = {
			isa = PBXVariantGroup;
			children = (
				CE0723DA1F984C38005D833D /* Base */,
			);
			name = LaunchScreen.storyboard;
			sourceTree = "<group>";
		};
/* End PBXVariantGroup section */

/* Begin XCBuildConfiguration section */
		CE0723F51F984C38005D833D /* Debug */ = {
			isa = XCBuildConfiguration;
			buildSettings = {
				ALWAYS_SEARCH_USER_PATHS = NO;
				CLANG_ANALYZER_NONNULL = YES;
				CLANG_ANALYZER_NUMBER_OBJECT_CONVERSION = YES_AGGRESSIVE;
				CLANG_CXX_LANGUAGE_STANDARD = "gnu++14";
				CLANG_CXX_LIBRARY = "libc++";
				CLANG_ENABLE_MODULES = YES;
				CLANG_ENABLE_OBJC_ARC = YES;
				CLANG_WARN_BLOCK_CAPTURE_AUTORELEASING = YES;
				CLANG_WARN_BOOL_CONVERSION = YES;
				CLANG_WARN_COMMA = YES;
				CLANG_WARN_CONSTANT_CONVERSION = YES;
				CLANG_WARN_DIRECT_OBJC_ISA_USAGE = YES_ERROR;
				CLANG_WARN_DOCUMENTATION_COMMENTS = YES;
				CLANG_WARN_EMPTY_BODY = YES;
				CLANG_WARN_ENUM_CONVERSION = YES;
				CLANG_WARN_INFINITE_RECURSION = YES;
				CLANG_WARN_INT_CONVERSION = YES;
				CLANG_WARN_NON_LITERAL_NULL_CONVERSION = YES;
				CLANG_WARN_OBJC_LITERAL_CONVERSION = YES;
				CLANG_WARN_OBJC_ROOT_CLASS = YES_ERROR;
				CLANG_WARN_RANGE_LOOP_ANALYSIS = YES;
				CLANG_WARN_STRICT_PROTOTYPES = YES;
				CLANG_WARN_SUSPICIOUS_MOVE = YES;
				CLANG_WARN_UNGUARDED_AVAILABILITY = YES_AGGRESSIVE;
				CLANG_WARN_UNREACHABLE_CODE = YES;
				CLANG_WARN__DUPLICATE_METHOD_MATCH = YES;
				CODE_SIGN_IDENTITY = "iPhone Developer";
				COPY_PHASE_STRIP = NO;
				DEBUG_INFORMATION_FORMAT = dwarf;
				ENABLE_STRICT_OBJC_MSGSEND = YES;
				ENABLE_TESTABILITY = YES;
				GCC_C_LANGUAGE_STANDARD = gnu11;
				GCC_DYNAMIC_NO_PIC = NO;
				GCC_NO_COMMON_BLOCKS = YES;
				GCC_OPTIMIZATION_LEVEL = 0;
				GCC_PREPROCESSOR_DEFINITIONS = (
					"DEBUG=1",
					"$(inherited)",
				);
				GCC_WARN_64_TO_32_BIT_CONVERSION = YES;
				GCC_WARN_ABOUT_RETURN_TYPE = YES_ERROR;
				GCC_WARN_UNDECLARED_SELECTOR = YES;
				GCC_WARN_UNINITIALIZED_AUTOS = YES_AGGRESSIVE;
				GCC_WARN_UNUSED_FUNCTION = YES;
				GCC_WARN_UNUSED_VARIABLE = YES;
				IPHONEOS_DEPLOYMENT_TARGET = 11.0;
				MTL_ENABLE_DEBUG_INFO = YES;
				ONLY_ACTIVE_ARCH = YES;
				SDKROOT = iphoneos;
			};
			name = Debug;
		};
		CE0723F61F984C38005D833D /* Release */ = {
			isa = XCBuildConfiguration;
			buildSettings = {
				ALWAYS_SEARCH_USER_PATHS = NO;
				CLANG_ANALYZER_NONNULL = YES;
				CLANG_ANALYZER_NUMBER_OBJECT_CONVERSION = YES_AGGRESSIVE;
				CLANG_CXX_LANGUAGE_STANDARD = "gnu++14";
				CLANG_CXX_LIBRARY = "libc++";
				CLANG_ENABLE_MODULES = YES;
				CLANG_ENABLE_OBJC_ARC = YES;
				CLANG_WARN_BLOCK_CAPTURE_AUTORELEASING = YES;
				CLANG_WARN_BOOL_CONVERSION = YES;
				CLANG_WARN_COMMA = YES;
				CLANG_WARN_CONSTANT_CONVERSION = YES;
				CLANG_WARN_DIRECT_OBJC_ISA_USAGE = YES_ERROR;
				CLANG_WARN_DOCUMENTATION_COMMENTS = YES;
				CLANG_WARN_EMPTY_BODY = YES;
				CLANG_WARN_ENUM_CONVERSION = YES;
				CLANG_WARN_INFINITE_RECURSION = YES;
				CLANG_WARN_INT_CONVERSION = YES;
				CLANG_WARN_NON_LITERAL_NULL_CONVERSION = YES;
				CLANG_WARN_OBJC_LITERAL_CONVERSION = YES;
				CLANG_WARN_OBJC_ROOT_CLASS = YES_ERROR;
				CLANG_WARN_RANGE_LOOP_ANALYSIS = YES;
				CLANG_WARN_STRICT_PROTOTYPES = YES;
				CLANG_WARN_SUSPICIOUS_MOVE = YES;
				CLANG_WARN_UNGUARDED_AVAILABILITY = YES_AGGRESSIVE;
				CLANG_WARN_UNREACHABLE_CODE = YES;
				CLANG_WARN__DUPLICATE_METHOD_MATCH = YES;
				CODE_SIGN_IDENTITY = "iPhone Developer";
				COPY_PHASE_STRIP = NO;
				DEBUG_INFORMATION_FORMAT = "dwarf-with-dsym";
				ENABLE_NS_ASSERTIONS = NO;
				ENABLE_STRICT_OBJC_MSGSEND = YES;
				GCC_C_LANGUAGE_STANDARD = gnu11;
				GCC_NO_COMMON_BLOCKS = YES;
				GCC_WARN_64_TO_32_BIT_CONVERSION = YES;
				GCC_WARN_ABOUT_RETURN_TYPE = YES_ERROR;
				GCC_WARN_UNDECLARED_SELECTOR = YES;
				GCC_WARN_UNINITIALIZED_AUTOS = YES_AGGRESSIVE;
				GCC_WARN_UNUSED_FUNCTION = YES;
				GCC_WARN_UNUSED_VARIABLE = YES;
				IPHONEOS_DEPLOYMENT_TARGET = 11.0;
				MTL_ENABLE_DEBUG_INFO = NO;
				SDKROOT = iphoneos;
				VALIDATE_PRODUCT = YES;
			};
			name = Release;
		};
		CE0723F81F984C38005D833D /* Debug */ = {
			isa = XCBuildConfiguration;
			baseConfigurationReference = 7A9A2674B214E1D413A107DC /* Pods-AliyunDemo.debug.xcconfig */;
			buildSettings = {
				ASSETCATALOG_COMPILER_APPICON_NAME = AppIcon;
				CODE_SIGN_STYLE = Automatic;
				DEVELOPMENT_TEAM = 3BHCEXZ9M9;
				ENABLE_BITCODE = NO;
				INFOPLIST_FILE = AliyunDemo/Info.plist;
				IPHONEOS_DEPLOYMENT_TARGET = 8.0;
				LD_RUNPATH_SEARCH_PATHS = "$(inherited) @executable_path/Frameworks";
				PRODUCT_BUNDLE_IDENTIFIER = com.bdk.aodaliyafit.AliyunDemo;
				PRODUCT_NAME = "$(TARGET_NAME)";
				TARGETED_DEVICE_FAMILY = 1;
			};
			name = Debug;
		};
		CE0723F91F984C38005D833D /* Release */ = {
			isa = XCBuildConfiguration;
			baseConfigurationReference = C7EBBAE9481BE134E6804892 /* Pods-AliyunDemo.release.xcconfig */;
			buildSettings = {
				ASSETCATALOG_COMPILER_APPICON_NAME = AppIcon;
				CODE_SIGN_STYLE = Automatic;
				DEVELOPMENT_TEAM = 3BHCEXZ9M9;
				ENABLE_BITCODE = NO;
				INFOPLIST_FILE = AliyunDemo/Info.plist;
				IPHONEOS_DEPLOYMENT_TARGET = 8.0;
				LD_RUNPATH_SEARCH_PATHS = "$(inherited) @executable_path/Frameworks";
				PRODUCT_BUNDLE_IDENTIFIER = com.bdk.aodaliyafit.AliyunDemo;
				PRODUCT_NAME = "$(TARGET_NAME)";
				TARGETED_DEVICE_FAMILY = 1;
			};
			name = Release;
		};
/* End XCBuildConfiguration section */

/* Begin XCConfigurationList section */
		CE0723C61F984C38005D833D /* Build configuration list for PBXProject "AliyunDemo" */ = {
			isa = XCConfigurationList;
			buildConfigurations = (
				CE0723F51F984C38005D833D /* Debug */,
				CE0723F61F984C38005D833D /* Release */,
			);
			defaultConfigurationIsVisible = 0;
			defaultConfigurationName = Release;
		};
		CE0723F71F984C38005D833D /* Build configuration list for PBXNativeTarget "AliyunDemo" */ = {
			isa = XCConfigurationList;
			buildConfigurations = (
				CE0723F81F984C38005D833D /* Debug */,
				CE0723F91F984C38005D833D /* Release */,
			);
			defaultConfigurationIsVisible = 0;
			defaultConfigurationName = Release;
		};
/* End XCConfigurationList section */
	};
	rootObject = CE0723C31F984C38005D833D /* Project object */;
}
